
Microsoft Visual Studio Solution File, Format Version 12.00
# Visual Studio 2013
VisualStudioVersion = 12.0.31101.0
MinimumVisualStudioVersion = 10.0.40219.1
Project("{FAE04EC0-301F-11D3-BF4B-00C04F79EFBC}") = "NetomityTests", "NetomityTests\NetomityTests.csproj", "{E1F831A1-4FE6-4FB2-9D69-CCF40EE9C91C}"
EndProject
Project("{FAE04EC0-301F-11D3-BF4B-00C04F79EFBC}") = "NetomityConsole", "NetomityConsole\NetomityConsole.csproj", "{EF32CA1C-CD9B-42EA-A9D1-2A30274ADDE7}"
EndProject
Project("{FAE04EC0-301F-11D3-BF4B-00C04F79EFBC}") = "Netomity", "Netomity\Netomity.csproj", "{04A3BC7C-47B3-40EE-8268-A623A62EFA9A}"
EndProject
Project("{FAE04EC0-301F-11D3-BF4B-00C04F79EFBC}") = "NetomityPS", "NetomityPS\NetomityPS.csproj", "{ABA9934A-0DC1-4D21-903D-347EF175865E}"
EndProject
Global
	GlobalSection(SolutionConfigurationPlatforms) = preSolution
		Debug|Any CPU = Debug|Any CPU
		Release|Any CPU = Release|Any CPU
	EndGlobalSection
	GlobalSection(ProjectConfigurationPlatforms) = postSolution
		{E1F831A1-4FE6-4FB2-9D69-CCF40EE9C91C}.Debug|Any CPU.ActiveCfg = Debug|Any CPU
		{E1F831A1-4FE6-4FB2-9D69-CCF40EE9C91C}.Debug|Any CPU.Build.0 = Debug|Any CPU
		{E1F831A1-4FE6-4FB2-9D69-CCF40EE9C91C}.Release|Any CPU.ActiveCfg = Release|Any CPU
		{E1F831A1-4FE6-4FB2-9D69-CCF40EE9C91C}.Release|Any CPU.Build.0 = Release|Any CPU
		{EF32CA1C-CD9B-42EA-A9D1-2A30274ADDE7}.Debug|Any CPU.ActiveCfg = Debug|Any CPU
		{EF32CA1C-CD9B-42EA-A9D1-2A30274ADDE7}.Debug|Any CPU.Build.0 = Debug|Any CPU
		{EF32CA1C-CD9B-42EA-A9D1-2A30274ADDE7}.Release|Any CPU.ActiveCfg = Release|Any CPU
		{EF32CA1C-CD9B-42EA-A9D1-2A30274ADDE7}.Release|Any CPU.Build.0 = Release|Any CPU
		{04A3BC7C-47B3-40EE-8268-A623A62EFA9A}.Debug|Any CPU.ActiveCfg = Debug|Any CPU
		{04A3BC7C-47B3-40EE-8268-A623A62EFA9A}.Debug|Any CPU.Build.0 = Debug|Any CPU
		{04A3BC7C-47B3-40EE-8268-A623A62EFA9A}.Release|Any CPU.ActiveCfg = Release|Any CPU
		{04A3BC7C-47B3-40EE-8268-A623A62EFA9A}.Release|Any CPU.Build.0 = Release|Any CPU
		{ABA9934A-0DC1-4D21-903D-347EF175865E}.Debug|Any CPU.ActiveCfg = Debug|Any CPU
		{ABA9934A-0DC1-4D21-903D-347EF175865E}.Debug|Any CPU.Build.0 = Debug|Any CPU
		{ABA9934A-0DC1-4D21-903D-347EF175865E}.Release|Any CPU.ActiveCfg = Release|Any CPU
		{ABA9934A-0DC1-4D21-903D-347EF175865E}.Release|Any CPU.Build.0 = Release|Any CPU
	EndGlobalSection
	GlobalSection(SolutionProperties) = preSolution
		HideSolutionNode = FALSE
	EndGlobalSection
	GlobalSection(ExtensibilityGlobals) = postSolution
		EnterpriseLibraryConfigurationToolBinariesPath = packages\Unity.2.1.505.2\lib\NET35
	EndGlobalSection
EndGlobal
